
Microsoft Visual Studio Solution File, Format Version 12.00
# Visual Studio Version 17
VisualStudioVersion = 17.1.32421.90
MinimumVisualStudioVersion = 10.0.40219.1
Project("{FAE04EC0-301F-11D3-BF4B-00C04F79EFBC}") = "StudentManagementSystem", "StudentManagementSystem\StudentManagementSystem.csproj", "{34DF0A41-8A67-44D9-9509-E126510716B2}"
EndProject
Global
	GlobalSection(SolutionConfigurationPlatforms) = preSolution
		Debug|Any CPU = Debug|Any CPU
		Release|Any CPU = Release|Any CPU
	EndGlobalSection
	GlobalSection(ProjectConfigurationPlatforms) = postSolution
		{34DF0A41-8A67-44D9-9509-E126510716B2}.Debug|Any CPU.ActiveCfg = Debug|Any CPU
		{34DF0A41-8A67-44D9-9509-E126510716B2}.Debug|Any CPU.Build.0 = Debug|Any CPU
		{34DF0A41-8A67-44D9-9509-E126510716B2}.Release|Any CPU.ActiveCfg = Release|Any CPU
		{34DF0A41-8A67-44D9-9509-E126510716B2}.Release|Any CPU.Build.0 = Release|Any CPU
	EndGlobalSection
	GlobalSection(SolutionProperties) = preSolution
		HideSolutionNode = FALSE
	EndGlobalSection
	GlobalSection(ExtensibilityGlobals) = postSolution
		SolutionGuid = {F7C67DED-EB74-4C0D-BE67-D068CCDB0664}
	EndGlobalSection
EndGlobal
